
Microsoft Visual Studio Solution File, Format Version 12.00
# Visual Studio Version 17
VisualStudioVersion = 17.0.31903.59
MinimumVisualStudioVersion = 10.0.40219.1
Project("{FAE04EC0-301F-11D3-BF4B-00C04F79EFBC}") = "ConsoleCad.Console", "ConsoleCad.Console\ConsoleCad.Console.csproj", "{E83AE31E-FCC6-4EB5-BFD7-F371B0F63C51}"
EndProject
Project("{FAE04EC0-301F-11D3-BF4B-00C04F79EFBC}") = "ConsoleCad.Logic", "ConsoleCad.Logic\ConsoleCad.Logic.csproj", "{9F5DE310-2CFE-412C-93B0-9854826DB118}"
EndProject
Project("{FAE04EC0-301F-11D3-BF4B-00C04F79EFBC}") = "ConsoleCad.Tests", "ConsoleCad.Tests\ConsoleCad.Tests.csproj", "{1F49F6F9-83FB-4071-83D3-BD671B753FA1}"
EndProject
Global
	GlobalSection(SolutionConfigurationPlatforms) = preSolution
		Debug|Any CPU = Debug|Any CPU
		Debug|x64 = Debug|x64
		Debug|x86 = Debug|x86
		Release|Any CPU = Release|Any CPU
		Release|x64 = Release|x64
		Release|x86 = Release|x86
	EndGlobalSection
	GlobalSection(ProjectConfigurationPlatforms) = postSolution
		{E83AE31E-FCC6-4EB5-BFD7-F371B0F63C51}.Debug|Any CPU.ActiveCfg = Debug|Any CPU
		{E83AE31E-FCC6-4EB5-BFD7-F371B0F63C51}.Debug|Any CPU.Build.0 = Debug|Any CPU
		{E83AE31E-FCC6-4EB5-BFD7-F371B0F63C51}.Debug|x64.ActiveCfg = Debug|Any CPU
		{E83AE31E-FCC6-4EB5-BFD7-F371B0F63C51}.Debug|x64.Build.0 = Debug|Any CPU
		{E83AE31E-FCC6-4EB5-BFD7-F371B0F63C51}.Debug|x86.ActiveCfg = Debug|Any CPU
		{E83AE31E-FCC6-4EB5-BFD7-F371B0F63C51}.Debug|x86.Build.0 = Debug|Any CPU
		{E83AE31E-FCC6-4EB5-BFD7-F371B0F63C51}.Release|Any CPU.ActiveCfg = Release|Any CPU
		{E83AE31E-FCC6-4EB5-BFD7-F371B0F63C51}.Release|Any CPU.Build.0 = Release|Any CPU
		{E83AE31E-FCC6-4EB5-BFD7-F371B0F63C51}.Release|x64.ActiveCfg = Release|Any CPU
		{E83AE31E-FCC6-4EB5-BFD7-F371B0F63C51}.Release|x64.Build.0 = Release|Any CPU
		{E83AE31E-FCC6-4EB5-BFD7-F371B0F63C51}.Release|x86.ActiveCfg = Release|Any CPU
		{E83AE31E-FCC6-4EB5-BFD7-F371B0F63C51}.Release|x86.Build.0 = Release|Any CPU
		{9F5DE310-2CFE-412C-93B0-9854826DB118}.Debug|Any CPU.ActiveCfg = Debug|Any CPU
		{9F5DE310-2CFE-412C-93B0-9854826DB118}.Debug|Any CPU.Build.0 = Debug|Any CPU
		{9F5DE310-2CFE-412C-93B0-9854826DB118}.Debug|x64.ActiveCfg = Debug|Any CPU
		{9F5DE310-2CFE-412C-93B0-9854826DB118}.Debug|x64.Build.0 = Debug|Any CPU
		{9F5DE310-2CFE-412C-93B0-9854826DB118}.Debug|x86.ActiveCfg = Debug|Any CPU
		{9F5DE310-2CFE-412C-93B0-9854826DB118}.Debug|x86.Build.0 = Debug|Any CPU
		{9F5DE310-2CFE-412C-93B0-9854826DB118}.Release|Any CPU.ActiveCfg = Release|Any CPU
		{9F5DE310-2CFE-412C-93B0-9854826DB118}.Release|Any CPU.Build.0 = Release|Any CPU
		{9F5DE310-2CFE-412C-93B0-9854826DB118}.Release|x64.ActiveCfg = Release|Any CPU
		{9F5DE310-2CFE-412C-93B0-9854826DB118}.Release|x64.Build.0 = Release|Any CPU
		{9F5DE310-2CFE-412C-93B0-9854826DB118}.Release|x86.ActiveCfg = Release|Any CPU
		{9F5DE310-2CFE-412C-93B0-9854826DB118}.Release|x86.Build.0 = Release|Any CPU
		{1F49F6F9-83FB-4071-83D3-BD671B753FA1}.Debug|Any CPU.ActiveCfg = Debug|Any CPU
		{1F49F6F9-83FB-4071-83D3-BD671B753FA1}.Debug|Any CPU.Build.0 = Debug|Any CPU
		{1F49F6F9-83FB-4071-83D3-BD671B753FA1}.Debug|x64.ActiveCfg = Debug|Any CPU
		{1F49F6F9-83FB-4071-83D3-BD671B753FA1}.Debug|x64.Build.0 = Debug|Any CPU
		{1F49F6F9-83FB-4071-83D3-BD671B753FA1}.Debug|x86.ActiveCfg = Debug|Any CPU
		{1F49F6F9-83FB-4071-83D3-BD671B753FA1}.Debug|x86.Build.0 = Debug|Any CPU
		{1F49F6F9-83FB-4071-83D3-BD671B753FA1}.Release|Any CPU.ActiveCfg = Release|Any CPU
		{1F49F6F9-83FB-4071-83D3-BD671B753FA1}.Release|Any CPU.Build.0 = Release|Any CPU
		{1F49F6F9-83FB-4071-83D3-BD671B753FA1}.Release|x64.ActiveCfg = Release|Any CPU
		{1F49F6F9-83FB-4071-83D3-BD671B753FA1}.Release|x64.Build.0 = Release|Any CPU
		{1F49F6F9-83FB-4071-83D3-BD671B753FA1}.Release|x86.ActiveCfg = Release|Any CPU
		{1F49F6F9-83FB-4071-83D3-BD671B753FA1}.Release|x86.Build.0 = Release|Any CPU
	EndGlobalSection
	GlobalSection(SolutionProperties) = preSolution
		HideSolutionNode = FALSE
	EndGlobalSection
EndGlobal
